
Microsoft Visual Studio Solution File, Format Version 12.00
# Visual Studio Version 17
VisualStudioVersion = 17.8.34309.116
MinimumVisualStudioVersion = 10.0.40219.1
Project("{FAE04EC0-301F-11D3-BF4B-00C04F79EFBC}") = "Blazor_M3_L10", "Blazor_M3_L10\Blazor_M3_L10.csproj", "{7FEEB50D-9697-49BB-8985-A0A432E1C714}"
EndProject
Global
	GlobalSection(SolutionConfigurationPlatforms) = preSolution
		Debug|Any CPU = Debug|Any CPU
		Release|Any CPU = Release|Any CPU
	EndGlobalSection
	GlobalSection(ProjectConfigurationPlatforms) = postSolution
		{7FEEB50D-9697-49BB-8985-A0A432E1C714}.Debug|Any CPU.ActiveCfg = Debug|Any CPU
		{7FEEB50D-9697-49BB-8985-A0A432E1C714}.Debug|Any CPU.Build.0 = Debug|Any CPU
		{7FEEB50D-9697-49BB-8985-A0A432E1C714}.Release|Any CPU.ActiveCfg = Release|Any CPU
		{7FEEB50D-9697-49BB-8985-A0A432E1C714}.Release|Any CPU.Build.0 = Release|Any CPU
	EndGlobalSection
	GlobalSection(SolutionProperties) = preSolution
		HideSolutionNode = FALSE
	EndGlobalSection
	GlobalSection(ExtensibilityGlobals) = postSolution
		SolutionGuid = {14F6F88A-5698-4D81-8312-8B5F126119FB}
	EndGlobalSection
EndGlobal
